
Microsoft Visual Studio Solution File, Format Version 12.00
# Visual Studio Version 17
VisualStudioVersion = 17.2.32526.322
MinimumVisualStudioVersion = 10.0.40219.1
Project("{9A19103F-16F7-4668-BE54-9A1E7A4F7556}") = "all", "all\all.csproj", "{9D0EEBBD-555D-4CEC-A6E3-07C8FA736BC6}"
EndProject
Project("{9A19103F-16F7-4668-BE54-9A1E7A4F7556}") = "Any", "Any\Any.csproj", "{9F236CDE-3123-476D-8CD9-441371E7BF88}"
EndProject
Project("{9A19103F-16F7-4668-BE54-9A1E7A4F7556}") = "contains", "contains\contains.csproj", "{D9A3B524-7566-4F0E-971D-4A75D2978570}"
EndProject
Project("{FAE04EC0-301F-11D3-BF4B-00C04F79EFBC}") = "GroupBy", "GroupBy\GroupBy.csproj", "{DAA7D56E-7090-4B8D-B50B-361ED9F62367}"
EndProject
Global
	GlobalSection(SolutionConfigurationPlatforms) = preSolution
		Debug|Any CPU = Debug|Any CPU
		Release|Any CPU = Release|Any CPU
	EndGlobalSection
	GlobalSection(ProjectConfigurationPlatforms) = postSolution
		{9D0EEBBD-555D-4CEC-A6E3-07C8FA736BC6}.Debug|Any CPU.ActiveCfg = Debug|Any CPU
		{9D0EEBBD-555D-4CEC-A6E3-07C8FA736BC6}.Debug|Any CPU.Build.0 = Debug|Any CPU
		{9D0EEBBD-555D-4CEC-A6E3-07C8FA736BC6}.Release|Any CPU.ActiveCfg = Release|Any CPU
		{9D0EEBBD-555D-4CEC-A6E3-07C8FA736BC6}.Release|Any CPU.Build.0 = Release|Any CPU
		{9F236CDE-3123-476D-8CD9-441371E7BF88}.Debug|Any CPU.ActiveCfg = Debug|Any CPU
		{9F236CDE-3123-476D-8CD9-441371E7BF88}.Debug|Any CPU.Build.0 = Debug|Any CPU
		{9F236CDE-3123-476D-8CD9-441371E7BF88}.Release|Any CPU.ActiveCfg = Release|Any CPU
		{9F236CDE-3123-476D-8CD9-441371E7BF88}.Release|Any CPU.Build.0 = Release|Any CPU
		{D9A3B524-7566-4F0E-971D-4A75D2978570}.Debug|Any CPU.ActiveCfg = Debug|Any CPU
		{D9A3B524-7566-4F0E-971D-4A75D2978570}.Debug|Any CPU.Build.0 = Debug|Any CPU
		{D9A3B524-7566-4F0E-971D-4A75D2978570}.Release|Any CPU.ActiveCfg = Release|Any CPU
		{D9A3B524-7566-4F0E-971D-4A75D2978570}.Release|Any CPU.Build.0 = Release|Any CPU
		{DAA7D56E-7090-4B8D-B50B-361ED9F62367}.Debug|Any CPU.ActiveCfg = Debug|Any CPU
		{DAA7D56E-7090-4B8D-B50B-361ED9F62367}.Debug|Any CPU.Build.0 = Debug|Any CPU
		{DAA7D56E-7090-4B8D-B50B-361ED9F62367}.Release|Any CPU.ActiveCfg = Release|Any CPU
		{DAA7D56E-7090-4B8D-B50B-361ED9F62367}.Release|Any CPU.Build.0 = Release|Any CPU
	EndGlobalSection
	GlobalSection(SolutionProperties) = preSolution
		HideSolutionNode = FALSE
	EndGlobalSection
	GlobalSection(ExtensibilityGlobals) = postSolution
		SolutionGuid = {EB6DE3A2-2057-4186-958E-250331A151D0}
	EndGlobalSection
EndGlobal
